{
  "name": "Betterzon",
  "lockfileVersion": 2,
  "requires": true,
  "packages": {
    "": {
      "dependencies": {
        "@angular/cdk": "^11.2.7",
        "@angular/material": "^11.2.7"
      }
    },
    "node_modules/@angular/animations": {
      "version": "11.2.8",
      "resolved": "https://registry.npmjs.org/@angular/animations/-/animations-11.2.8.tgz",
      "integrity": "sha512-fYPXO8xgMYEpIc19o5B2f8U3BCmElQf4n/lIvVk9gky8CF5alSlClbbTe31orWDwGiqUnWkHWDZvCwi2C2Srvw==",
      "peer": true,
      "dependencies": {
        "tslib": "^2.0.0"
      },
      "peerDependencies": {
        "@angular/core": "11.2.8"
      }
    },
    "node_modules/@angular/cdk": {
      "version": "11.2.7",
      "resolved": "https://registry.npmjs.org/@angular/cdk/-/cdk-11.2.7.tgz",
      "integrity": "sha512-18h7dyXHl/h+rsXFoNpqxiFCDhqewXVPpLG/WWeiFXKdtHeIk1yzfoSjo7nBzclicFFN/A+M2IQSIt21doJ0aA==",
      "dependencies": {
        "tslib": "^2.0.0"
      },
      "optionalDependencies": {
        "parse5": "^5.0.0"
      },
      "peerDependencies": {
        "@angular/common": "^11.0.0 || ^12.0.0-0",
        "@angular/core": "^11.0.0 || ^12.0.0-0"
      }
    },
    "node_modules/@angular/common": {
      "version": "11.2.8",
      "resolved": "https://registry.npmjs.org/@angular/common/-/common-11.2.8.tgz",
      "integrity": "sha512-li3UjvtrTf66hf75JBJsurPt6UTuICEpwDgtrTelbj76bvR78OCC3roLpYXy16QX/VTpJpjE8e4rKDXrgpFkDg==",
      "peer": true,
      "dependencies": {
        "tslib": "^2.0.0"
      },
      "peerDependencies": {
        "@angular/core": "11.2.8",
        "rxjs": "^6.5.3"
      }
    },
    "node_modules/@angular/core": {
      "version": "11.2.8",
      "resolved": "https://registry.npmjs.org/@angular/core/-/core-11.2.8.tgz",
      "integrity": "sha512-6Epm1gPy0V8nraQuzhLOmIGfpY230zAp2ETFIa2YOH/1sSRoU6Y7gpQ5My84nGq6Z6jaQ6oOThJl46IDUMx9sg==",
      "peer": true,
      "dependencies": {
        "tslib": "^2.0.0"
      },
      "peerDependencies": {
        "rxjs": "^6.5.3",
        "zone.js": "^0.10.2 || ^0.11.3"
      }
    },
    "node_modules/@angular/forms": {
      "version": "11.2.8",
      "resolved": "https://registry.npmjs.org/@angular/forms/-/forms-11.2.8.tgz",
      "integrity": "sha512-qAhLnSg65YIU+9+u0TE3L5SxwnD4DfQP5l94AMLBf52knNB02XPK3SpadaiYkdaQjl68F4Pn+akYWi26tdPUww==",
      "peer": true,
      "dependencies": {
        "tslib": "^2.0.0"
      },
      "peerDependencies": {
        "@angular/common": "11.2.8",
        "@angular/core": "11.2.8",
        "@angular/platform-browser": "11.2.8",
        "rxjs": "^6.5.3"
      }
    },
    "node_modules/@angular/material": {
      "version": "11.2.7",
      "resolved": "https://registry.npmjs.org/@angular/material/-/material-11.2.7.tgz",
      "integrity": "sha512-mNIGKxBzZGlOEezprInTiQIwktiz9XSJuxZ2fp6rtJ7jqpSrUprCwBECRl6X62JWrDVwIFTDQO1FxS3mrBIZ2Q==",
      "dependencies": {
        "tslib": "^2.0.0"
      },
      "peerDependencies": {
        "@angular/animations": "^11.0.0 || ^12.0.0-0",
        "@angular/cdk": "11.2.7",
        "@angular/common": "^11.0.0 || ^12.0.0-0",
        "@angular/core": "^11.0.0 || ^12.0.0-0",
        "@angular/forms": "^11.0.0 || ^12.0.0-0"
      }
    },
    "node_modules/@angular/platform-browser": {
      "version": "11.2.8",
      "resolved": "https://registry.npmjs.org/@angular/platform-browser/-/platform-browser-11.2.8.tgz",
      "integrity": "sha512-bWYln8Jb7UM4Jnd51hB8X51EBb2puIIyDjhFoDvDg1e6rS0NCBCP/ZLys9zkjwhnAXwEEEFZc/XSaHvgaT1Nag==",
      "peer": true,
      "dependencies": {
        "tslib": "^2.0.0"
      },
      "peerDependencies": {
        "@angular/animations": "11.2.8",
        "@angular/common": "11.2.8",
        "@angular/core": "11.2.8"
      },
      "peerDependenciesMeta": {
        "@angular/animations": {
          "optional": true
        }
      }
    },
    "node_modules/parse5": {
      "version": "5.1.1",
      "resolved": "https://registry.npmjs.org/parse5/-/parse5-5.1.1.tgz",
      "integrity": "sha512-ugq4DFI0Ptb+WWjAdOK16+u/nHfiIrcE+sh8kZMaM0WllQKLI9rOUq6c2b7cwPkXdzfQESqvoqK6ug7U/Yyzug==",
      "optional": true
    },
    "node_modules/rxjs": {
      "version": "6.6.7",
      "resolved": "https://registry.npmjs.org/rxjs/-/rxjs-6.6.7.tgz",
      "integrity": "sha512-hTdwr+7yYNIT5n4AMYp85KA6yw2Va0FLa3Rguvbpa4W3I5xynaBZo41cM3XM+4Q6fRMj3sBYIR1VAmZMXYJvRQ==",
      "peer": true,
      "dependencies": {
        "tslib": "^1.9.0"
      },
      "engines": {
        "npm": ">=2.0.0"
      }
    },
    "node_modules/rxjs/node_modules/tslib": {
      "version": "1.14.1",
      "resolved": "https://registry.npmjs.org/tslib/-/tslib-1.14.1.tgz",
      "integrity": "sha512-Xni35NKzjgMrwevysHTCArtLDpPvye8zV/0E4EyYn43P7/7qvQwPh9BGkHewbMulVntbigmcT7rdX3BNo9wRJg==",
      "peer": true
    },
    "node_modules/tslib": {
      "version": "2.2.0",
      "resolved": "https://registry.npmjs.org/tslib/-/tslib-2.2.0.tgz",
      "integrity": "sha512-gS9GVHRU+RGn5KQM2rllAlR3dU6m7AcpJKdtH8gFvQiC4Otgk98XnmMU+nZenHt/+VhnBPWwgrJsyrdcw6i23w=="
    },
    "node_modules/zone.js": {
      "version": "0.11.4",
      "resolved": "https://registry.npmjs.org/zone.js/-/zone.js-0.11.4.tgz",
      "integrity": "sha512-DDh2Ab+A/B+9mJyajPjHFPWfYU1H+pdun4wnnk0OcQTNjem1XQSZ2CDW+rfZEUDjv5M19SBqAkjZi0x5wuB5Qw==",
      "peer": true,
      "dependencies": {
        "tslib": "^2.0.0"
      }
    }
  },
  "dependencies": {
    "@angular/animations": {
      "version": "11.2.8",
      "resolved": "https://registry.npmjs.org/@angular/animations/-/animations-11.2.8.tgz",
      "integrity": "sha512-fYPXO8xgMYEpIc19o5B2f8U3BCmElQf4n/lIvVk9gky8CF5alSlClbbTe31orWDwGiqUnWkHWDZvCwi2C2Srvw==",
      "peer": true,
      "requires": {
        "tslib": "^2.0.0"
      }
    },
    "@angular/cdk": {
      "version": "11.2.7",
      "resolved": "https://registry.npmjs.org/@angular/cdk/-/cdk-11.2.7.tgz",
      "integrity": "sha512-18h7dyXHl/h+rsXFoNpqxiFCDhqewXVPpLG/WWeiFXKdtHeIk1yzfoSjo7nBzclicFFN/A+M2IQSIt21doJ0aA==",
      "requires": {
        "parse5": "^5.0.0",
        "tslib": "^2.0.0"
      }
    },
    "@angular/common": {
      "version": "11.2.8",
      "resolved": "https://registry.npmjs.org/@angular/common/-/common-11.2.8.tgz",
      "integrity": "sha512-li3UjvtrTf66hf75JBJsurPt6UTuICEpwDgtrTelbj76bvR78OCC3roLpYXy16QX/VTpJpjE8e4rKDXrgpFkDg==",
      "peer": true,
      "requires": {
        "tslib": "^2.0.0"
      }
    },
    "@angular/core": {
      "version": "11.2.8",
      "resolved": "https://registry.npmjs.org/@angular/core/-/core-11.2.8.tgz",
      "integrity": "sha512-6Epm1gPy0V8nraQuzhLOmIGfpY230zAp2ETFIa2YOH/1sSRoU6Y7gpQ5My84nGq6Z6jaQ6oOThJl46IDUMx9sg==",
      "peer": true,
      "requires": {
        "tslib": "^2.0.0"
      }
    },
    "@angular/forms": {
      "version": "11.2.8",
      "resolved": "https://registry.npmjs.org/@angular/forms/-/forms-11.2.8.tgz",
      "integrity": "sha512-qAhLnSg65YIU+9+u0TE3L5SxwnD4DfQP5l94AMLBf52knNB02XPK3SpadaiYkdaQjl68F4Pn+akYWi26tdPUww==",
      "peer": true,
      "requires": {
        "tslib": "^2.0.0"
      }
    },
    "@angular/material": {
      "version": "11.2.7",
      "resolved": "https://registry.npmjs.org/@angular/material/-/material-11.2.7.tgz",
      "integrity": "sha512-mNIGKxBzZGlOEezprInTiQIwktiz9XSJuxZ2fp6rtJ7jqpSrUprCwBECRl6X62JWrDVwIFTDQO1FxS3mrBIZ2Q==",
      "requires": {
        "tslib": "^2.0.0"
      }
    },
    "@angular/platform-browser": {
      "version": "11.2.8",
      "resolved": "https://registry.npmjs.org/@angular/platform-browser/-/platform-browser-11.2.8.tgz",
      "integrity": "sha512-bWYln8Jb7UM4Jnd51hB8X51EBb2puIIyDjhFoDvDg1e6rS0NCBCP/ZLys9zkjwhnAXwEEEFZc/XSaHvgaT1Nag==",
      "peer": true,
      "requires": {
        "tslib": "^2.0.0"
      }
    },
    "parse5": {
      "version": "5.1.1",
      "resolved": "https://registry.npmjs.org/parse5/-/parse5-5.1.1.tgz",
      "integrity": "sha512-ugq4DFI0Ptb+WWjAdOK16+u/nHfiIrcE+sh8kZMaM0WllQKLI9rOUq6c2b7cwPkXdzfQESqvoqK6ug7U/Yyzug==",
      "optional": true
    },
    "rxjs": {
      "version": "6.6.7",
      "resolved": "https://registry.npmjs.org/rxjs/-/rxjs-6.6.7.tgz",
      "integrity": "sha512-hTdwr+7yYNIT5n4AMYp85KA6yw2Va0FLa3Rguvbpa4W3I5xynaBZo41cM3XM+4Q6fRMj3sBYIR1VAmZMXYJvRQ==",
      "peer": true,
      "requires": {
        "tslib": "^1.9.0"
      },
      "dependencies": {
        "tslib": {
          "version": "1.14.1",
          "resolved": "https://registry.npmjs.org/tslib/-/tslib-1.14.1.tgz",
          "integrity": "sha512-Xni35NKzjgMrwevysHTCArtLDpPvye8zV/0E4EyYn43P7/7qvQwPh9BGkHewbMulVntbigmcT7rdX3BNo9wRJg==",
          "peer": true
        }
      }
    },
    "tslib": {
      "version": "2.2.0",
      "resolved": "https://registry.npmjs.org/tslib/-/tslib-2.2.0.tgz",
      "integrity": "sha512-gS9GVHRU+RGn5KQM2rllAlR3dU6m7AcpJKdtH8gFvQiC4Otgk98XnmMU+nZenHt/+VhnBPWwgrJsyrdcw6i23w=="
    },
    "zone.js": {
      "version": "0.11.4",
      "resolved": "https://registry.npmjs.org/zone.js/-/zone.js-0.11.4.tgz",
      "integrity": "sha512-DDh2Ab+A/B+9mJyajPjHFPWfYU1H+pdun4wnnk0OcQTNjem1XQSZ2CDW+rfZEUDjv5M19SBqAkjZi0x5wuB5Qw==",
      "peer": true,
      "requires": {
        "tslib": "^2.0.0"
      }
    }
  }
}
